
Microsoft Visual Studio Solution File, Format Version 12.00
# Visual Studio Version 16
VisualStudioVersion = 16.0.28803.202
MinimumVisualStudioVersion = 10.0.40219.1
Project("{FAE04EC0-301F-11D3-BF4B-00C04F79EFBC}") = "XamarinFormsControls.Android", "XamarinFormsControls\XamarinFormsControls.Android\XamarinFormsControls.Android.csproj", "{694CCC69-CCFF-47F7-A26D-3A9B4FD762B9}"
EndProject
Project("{FAE04EC0-301F-11D3-BF4B-00C04F79EFBC}") = "XamarinFormsControls.iOS", "XamarinFormsControls\XamarinFormsControls.iOS\XamarinFormsControls.iOS.csproj", "{B8E8B9E7-6555-42A0-94E3-D61AC964ECC0}"
EndProject
Project("{FAE04EC0-301F-11D3-BF4B-00C04F79EFBC}") = "XamarinFormsControls", "XamarinFormsControls\XamarinFormsControls\XamarinFormsControls.csproj", "{6DCE42E5-D0A9-4EBE-9C4C-D6ED51F431A3}"
EndProject
Global
	GlobalSection(SolutionConfigurationPlatforms) = preSolution
		Debug|Any CPU = Debug|Any CPU
		Debug|iPhone = Debug|iPhone
		Debug|iPhoneSimulator = Debug|iPhoneSimulator
		Release|Any CPU = Release|Any CPU
		Release|iPhone = Release|iPhone
		Release|iPhoneSimulator = Release|iPhoneSimulator
	EndGlobalSection
	GlobalSection(ProjectConfigurationPlatforms) = postSolution
		{694CCC69-CCFF-47F7-A26D-3A9B4FD762B9}.Debug|Any CPU.ActiveCfg = Debug|Any CPU
		{694CCC69-CCFF-47F7-A26D-3A9B4FD762B9}.Debug|Any CPU.Build.0 = Debug|Any CPU
		{694CCC69-CCFF-47F7-A26D-3A9B4FD762B9}.Debug|Any CPU.Deploy.0 = Debug|Any CPU
		{694CCC69-CCFF-47F7-A26D-3A9B4FD762B9}.Debug|iPhone.ActiveCfg = Debug|Any CPU
		{694CCC69-CCFF-47F7-A26D-3A9B4FD762B9}.Debug|iPhone.Build.0 = Debug|Any CPU
		{694CCC69-CCFF-47F7-A26D-3A9B4FD762B9}.Debug|iPhone.Deploy.0 = Debug|Any CPU
		{694CCC69-CCFF-47F7-A26D-3A9B4FD762B9}.Debug|iPhoneSimulator.ActiveCfg = Debug|Any CPU
		{694CCC69-CCFF-47F7-A26D-3A9B4FD762B9}.Debug|iPhoneSimulator.Build.0 = Debug|Any CPU
		{694CCC69-CCFF-47F7-A26D-3A9B4FD762B9}.Debug|iPhoneSimulator.Deploy.0 = Debug|Any CPU
		{694CCC69-CCFF-47F7-A26D-3A9B4FD762B9}.Release|Any CPU.ActiveCfg = Release|Any CPU
		{694CCC69-CCFF-47F7-A26D-3A9B4FD762B9}.Release|Any CPU.Build.0 = Release|Any CPU
		{694CCC69-CCFF-47F7-A26D-3A9B4FD762B9}.Release|Any CPU.Deploy.0 = Release|Any CPU
		{694CCC69-CCFF-47F7-A26D-3A9B4FD762B9}.Release|iPhone.ActiveCfg = Release|Any CPU
		{694CCC69-CCFF-47F7-A26D-3A9B4FD762B9}.Release|iPhone.Build.0 = Release|Any CPU
		{694CCC69-CCFF-47F7-A26D-3A9B4FD762B9}.Release|iPhone.Deploy.0 = Release|Any CPU
		{694CCC69-CCFF-47F7-A26D-3A9B4FD762B9}.Release|iPhoneSimulator.ActiveCfg = Release|Any CPU
		{694CCC69-CCFF-47F7-A26D-3A9B4FD762B9}.Release|iPhoneSimulator.Build.0 = Release|Any CPU
		{694CCC69-CCFF-47F7-A26D-3A9B4FD762B9}.Release|iPhoneSimulator.Deploy.0 = Release|Any CPU
		{B8E8B9E7-6555-42A0-94E3-D61AC964ECC0}.Debug|Any CPU.ActiveCfg = Debug|iPhoneSimulator
		{B8E8B9E7-6555-42A0-94E3-D61AC964ECC0}.Debug|Any CPU.Build.0 = Debug|iPhoneSimulator
		{B8E8B9E7-6555-42A0-94E3-D61AC964ECC0}.Debug|Any CPU.Deploy.0 = Debug|iPhoneSimulator
		{B8E8B9E7-6555-42A0-94E3-D61AC964ECC0}.Debug|iPhone.ActiveCfg = Debug|iPhone
		{B8E8B9E7-6555-42A0-94E3-D61AC964ECC0}.Debug|iPhone.Build.0 = Debug|iPhone
		{B8E8B9E7-6555-42A0-94E3-D61AC964ECC0}.Debug|iPhone.Deploy.0 = Debug|iPhone
		{B8E8B9E7-6555-42A0-94E3-D61AC964ECC0}.Debug|iPhoneSimulator.ActiveCfg = Debug|iPhoneSimulator
		{B8E8B9E7-6555-42A0-94E3-D61AC964ECC0}.Debug|iPhoneSimulator.Build.0 = Debug|iPhoneSimulator
		{B8E8B9E7-6555-42A0-94E3-D61AC964ECC0}.Debug|iPhoneSimulator.Deploy.0 = Debug|iPhoneSimulator
		{B8E8B9E7-6555-42A0-94E3-D61AC964ECC0}.Release|Any CPU.ActiveCfg = Release|iPhone
		{B8E8B9E7-6555-42A0-94E3-D61AC964ECC0}.Release|Any CPU.Build.0 = Release|iPhone
		{B8E8B9E7-6555-42A0-94E3-D61AC964ECC0}.Release|Any CPU.Deploy.0 = Release|iPhone
		{B8E8B9E7-6555-42A0-94E3-D61AC964ECC0}.Release|iPhone.ActiveCfg = Release|iPhone
		{B8E8B9E7-6555-42A0-94E3-D61AC964ECC0}.Release|iPhone.Build.0 = Release|iPhone
		{B8E8B9E7-6555-42A0-94E3-D61AC964ECC0}.Release|iPhone.Deploy.0 = Release|iPhone
		{B8E8B9E7-6555-42A0-94E3-D61AC964ECC0}.Release|iPhoneSimulator.ActiveCfg = Release|iPhoneSimulator
		{B8E8B9E7-6555-42A0-94E3-D61AC964ECC0}.Release|iPhoneSimulator.Build.0 = Release|iPhoneSimulator
		{B8E8B9E7-6555-42A0-94E3-D61AC964ECC0}.Release|iPhoneSimulator.Deploy.0 = Release|iPhoneSimulator
		{6DCE42E5-D0A9-4EBE-9C4C-D6ED51F431A3}.Debug|Any CPU.ActiveCfg = Debug|Any CPU
		{6DCE42E5-D0A9-4EBE-9C4C-D6ED51F431A3}.Debug|Any CPU.Build.0 = Debug|Any CPU
		{6DCE42E5-D0A9-4EBE-9C4C-D6ED51F431A3}.Debug|Any CPU.Deploy.0 = Debug|Any CPU
		{6DCE42E5-D0A9-4EBE-9C4C-D6ED51F431A3}.Debug|iPhone.ActiveCfg = Debug|Any CPU
		{6DCE42E5-D0A9-4EBE-9C4C-D6ED51F431A3}.Debug|iPhone.Build.0 = Debug|Any CPU
		{6DCE42E5-D0A9-4EBE-9C4C-D6ED51F431A3}.Debug|iPhone.Deploy.0 = Debug|Any CPU
		{6DCE42E5-D0A9-4EBE-9C4C-D6ED51F431A3}.Debug|iPhoneSimulator.ActiveCfg = Debug|Any CPU
		{6DCE42E5-D0A9-4EBE-9C4C-D6ED51F431A3}.Debug|iPhoneSimulator.Build.0 = Debug|Any CPU
		{6DCE42E5-D0A9-4EBE-9C4C-D6ED51F431A3}.Debug|iPhoneSimulator.Deploy.0 = Debug|Any CPU
		{6DCE42E5-D0A9-4EBE-9C4C-D6ED51F431A3}.Release|Any CPU.ActiveCfg = Release|Any CPU
		{6DCE42E5-D0A9-4EBE-9C4C-D6ED51F431A3}.Release|Any CPU.Build.0 = Release|Any CPU
		{6DCE42E5-D0A9-4EBE-9C4C-D6ED51F431A3}.Release|Any CPU.Deploy.0 = Release|Any CPU
		{6DCE42E5-D0A9-4EBE-9C4C-D6ED51F431A3}.Release|iPhone.ActiveCfg = Release|Any CPU
		{6DCE42E5-D0A9-4EBE-9C4C-D6ED51F431A3}.Release|iPhone.Build.0 = Release|Any CPU
		{6DCE42E5-D0A9-4EBE-9C4C-D6ED51F431A3}.Release|iPhone.Deploy.0 = Release|Any CPU
		{6DCE42E5-D0A9-4EBE-9C4C-D6ED51F431A3}.Release|iPhoneSimulator.ActiveCfg = Release|Any CPU
		{6DCE42E5-D0A9-4EBE-9C4C-D6ED51F431A3}.Release|iPhoneSimulator.Build.0 = Release|Any CPU
		{6DCE42E5-D0A9-4EBE-9C4C-D6ED51F431A3}.Release|iPhoneSimulator.Deploy.0 = Release|Any CPU
	EndGlobalSection
	GlobalSection(SolutionProperties) = preSolution
		HideSolutionNode = FALSE
	EndGlobalSection
	GlobalSection(ExtensibilityGlobals) = postSolution
		SolutionGuid = {91049B6A-C86A-4DE8-82DB-0D9286CF0CAD}
	EndGlobalSection
EndGlobal
